
Microsoft Visual Studio Solution File, Format Version 12.00
# Visual Studio Version 16
VisualStudioVersion = 16.0.31321.278
MinimumVisualStudioVersion = 10.0.40219.1
Project("{9A19103F-16F7-4668-BE54-9A1E7A4F7556}") = "bzrArachnePWA.Server", "bzrArachnePWA\Server\bzrArachnePWA.Server.csproj", "{26FFDDDF-6E88-48FC-881F-BB49BA79BCF0}"
EndProject
Project("{9A19103F-16F7-4668-BE54-9A1E7A4F7556}") = "bzrArachnePWA.Client", "bzrArachnePWA\Client\bzrArachnePWA.Client.csproj", "{EFB5E5B9-F6BD-4DF1-AB32-0024E535364A}"
EndProject
Project("{9A19103F-16F7-4668-BE54-9A1E7A4F7556}") = "bzrArachnePWA.Shared", "bzrArachnePWA\Shared\bzrArachnePWA.Shared.csproj", "{2D9F63FA-556F-4BFC-A50C-6A556F742C4D}"
EndProject
Global
	GlobalSection(SolutionConfigurationPlatforms) = preSolution
		Debug|Any CPU = Debug|Any CPU
		Release|Any CPU = Release|Any CPU
	EndGlobalSection
	GlobalSection(ProjectConfigurationPlatforms) = postSolution
		{26FFDDDF-6E88-48FC-881F-BB49BA79BCF0}.Debug|Any CPU.ActiveCfg = Debug|Any CPU
		{26FFDDDF-6E88-48FC-881F-BB49BA79BCF0}.Debug|Any CPU.Build.0 = Debug|Any CPU
		{26FFDDDF-6E88-48FC-881F-BB49BA79BCF0}.Release|Any CPU.ActiveCfg = Release|Any CPU
		{26FFDDDF-6E88-48FC-881F-BB49BA79BCF0}.Release|Any CPU.Build.0 = Release|Any CPU
		{EFB5E5B9-F6BD-4DF1-AB32-0024E535364A}.Debug|Any CPU.ActiveCfg = Debug|Any CPU
		{EFB5E5B9-F6BD-4DF1-AB32-0024E535364A}.Debug|Any CPU.Build.0 = Debug|Any CPU
		{EFB5E5B9-F6BD-4DF1-AB32-0024E535364A}.Release|Any CPU.ActiveCfg = Release|Any CPU
		{EFB5E5B9-F6BD-4DF1-AB32-0024E535364A}.Release|Any CPU.Build.0 = Release|Any CPU
		{2D9F63FA-556F-4BFC-A50C-6A556F742C4D}.Debug|Any CPU.ActiveCfg = Debug|Any CPU
		{2D9F63FA-556F-4BFC-A50C-6A556F742C4D}.Debug|Any CPU.Build.0 = Debug|Any CPU
		{2D9F63FA-556F-4BFC-A50C-6A556F742C4D}.Release|Any CPU.ActiveCfg = Release|Any CPU
		{2D9F63FA-556F-4BFC-A50C-6A556F742C4D}.Release|Any CPU.Build.0 = Release|Any CPU
	EndGlobalSection
	GlobalSection(SolutionProperties) = preSolution
		HideSolutionNode = FALSE
	EndGlobalSection
	GlobalSection(ExtensibilityGlobals) = postSolution
		SolutionGuid = {68A5DD8E-B598-4076-B6A2-54C70A6AFAA9}
	EndGlobalSection
EndGlobal
