
Microsoft Visual Studio Solution File, Format Version 12.00
# Visual Studio Version 16
VisualStudioVersion = 16.0.31321.278
MinimumVisualStudioVersion = 10.0.40219.1
Project("{9A19103F-16F7-4668-BE54-9A1E7A4F7556}") = "grpcArachne", "grpcArachne\grpcArachne.csproj", "{7A442768-480E-4114-A672-AC843A65108D}"
EndProject
Project("{9A19103F-16F7-4668-BE54-9A1E7A4F7556}") = "bzrArachne", "bzrArachne\bzrArachne.csproj", "{FA720DD2-935E-45E1-8498-F9FCB895C32B}"
EndProject
Global
	GlobalSection(SolutionConfigurationPlatforms) = preSolution
		Debug|Any CPU = Debug|Any CPU
		Release|Any CPU = Release|Any CPU
	EndGlobalSection
	GlobalSection(ProjectConfigurationPlatforms) = postSolution
		{7A442768-480E-4114-A672-AC843A65108D}.Debug|Any CPU.ActiveCfg = Debug|Any CPU
		{7A442768-480E-4114-A672-AC843A65108D}.Debug|Any CPU.Build.0 = Debug|Any CPU
		{7A442768-480E-4114-A672-AC843A65108D}.Release|Any CPU.ActiveCfg = Release|Any CPU
		{7A442768-480E-4114-A672-AC843A65108D}.Release|Any CPU.Build.0 = Release|Any CPU
		{FA720DD2-935E-45E1-8498-F9FCB895C32B}.Debug|Any CPU.ActiveCfg = Debug|Any CPU
		{FA720DD2-935E-45E1-8498-F9FCB895C32B}.Debug|Any CPU.Build.0 = Debug|Any CPU
		{FA720DD2-935E-45E1-8498-F9FCB895C32B}.Release|Any CPU.ActiveCfg = Release|Any CPU
		{FA720DD2-935E-45E1-8498-F9FCB895C32B}.Release|Any CPU.Build.0 = Release|Any CPU
	EndGlobalSection
	GlobalSection(SolutionProperties) = preSolution
		HideSolutionNode = FALSE
	EndGlobalSection
	GlobalSection(ExtensibilityGlobals) = postSolution
		SolutionGuid = {9318B19C-F696-439D-A3BE-9E4385F65870}
	EndGlobalSection
EndGlobal
